
Microsoft Visual Studio Solution File, Format Version 12.00
# Visual Studio 15
VisualStudioVersion = 15.0.28307.1267
MinimumVisualStudioVersion = 10.0.40219.1
Project("{FAE04EC0-301F-11D3-BF4B-00C04F79EFBC}") = "ClientCFC-P4-018", "ClientCFC-P4-018\ClientCFC-P4-018.csproj", "{89BE2CA3-59E2-4D0A-8C75-22DE6EAE6898}"
EndProject
Global
	GlobalSection(SolutionConfigurationPlatforms) = preSolution
		Debug|Any CPU = Debug|Any CPU
		Release|Any CPU = Release|Any CPU
	EndGlobalSection
	GlobalSection(ProjectConfigurationPlatforms) = postSolution
		{89BE2CA3-59E2-4D0A-8C75-22DE6EAE6898}.Debug|Any CPU.ActiveCfg = Debug|Any CPU
		{89BE2CA3-59E2-4D0A-8C75-22DE6EAE6898}.Debug|Any CPU.Build.0 = Debug|Any CPU
		{89BE2CA3-59E2-4D0A-8C75-22DE6EAE6898}.Release|Any CPU.ActiveCfg = Release|Any CPU
		{89BE2CA3-59E2-4D0A-8C75-22DE6EAE6898}.Release|Any CPU.Build.0 = Release|Any CPU
	EndGlobalSection
	GlobalSection(SolutionProperties) = preSolution
		HideSolutionNode = FALSE
	EndGlobalSection
	GlobalSection(ExtensibilityGlobals) = postSolution
		SolutionGuid = {05A60D1F-5230-40D2-B641-A67A4080F661}
	EndGlobalSection
EndGlobal
